
Microsoft Visual Studio Solution File, Format Version 12.00
# Visual Studio 14
VisualStudioVersion = 14.0.25123.0
MinimumVisualStudioVersion = 10.0.40219.1
Project("{FAE04EC0-301F-11D3-BF4B-00C04F79EFBC}") = "WarfaceToolsWPF", "WarfaceToolsWPF\WarfaceToolsWPF.csproj", "{B17B6863-A2BB-4C30-899E-9A4047BCAB86}"
EndProject
Global
	GlobalSection(SolutionConfigurationPlatforms) = preSolution
		Debug|Any CPU = Debug|Any CPU
		Release|Any CPU = Release|Any CPU
	EndGlobalSection
	GlobalSection(ProjectConfigurationPlatforms) = postSolution
		{B17B6863-A2BB-4C30-899E-9A4047BCAB86}.Debug|Any CPU.ActiveCfg = Debug|Any CPU
		{B17B6863-A2BB-4C30-899E-9A4047BCAB86}.Debug|Any CPU.Build.0 = Debug|Any CPU
		{B17B6863-A2BB-4C30-899E-9A4047BCAB86}.Release|Any CPU.ActiveCfg = Release|Any CPU
		{B17B6863-A2BB-4C30-899E-9A4047BCAB86}.Release|Any CPU.Build.0 = Release|Any CPU
	EndGlobalSection
	GlobalSection(SolutionProperties) = preSolution
		HideSolutionNode = FALSE
	EndGlobalSection
	GlobalSection(TeamFoundationVersionControl) = preSolution
		SccNumberOfProjects = 2
		SccEnterpriseProvider = {4CA58AB2-18FA-4F8D-95D4-32DDF27D184C}
		SccTeamFoundationServer = https://kurasdamian.visualstudio.com/defaultcollection
		SccLocalPath0 = .
		SccProjectUniqueName1 = WarfaceToolsWPF\\WarfaceToolsWPF.csproj
		SccProjectName1 = WarfaceToolsWPF
		SccLocalPath1 = WarfaceToolsWPF
	EndGlobalSection
EndGlobal
